{
  "name": "archive",
  "lockfileVersion": 3,
  "requires": true,
  "packages": {
    "": {
      "dependencies": {
        "electron-prompt": "^1.7.0"
      }
    },
    "node_modules/electron-prompt": {
      "version": "1.7.0",
      "resolved": "https://registry.npmjs.org/electron-prompt/-/electron-prompt-1.7.0.tgz",
      "integrity": "sha512-IfqJYEgcRO6NuyPROo8AtdkAiZ6N9I1lQEf4dJAkPuhV5YgOHdmLqZJf6OXumZJfzrjpzCM5jHeYOrhGdgbnEA==",
      "license": "MIT"
    }
  }
}
